
Microsoft Visual Studio Solution File, Format Version 12.00
# Visual Studio 14
VisualStudioVersion = 14.0.23107.0
MinimumVisualStudioVersion = 10.0.40219.1
Project("{2150E333-8FDC-42A3-9474-1A3956D46DE8}") = "data_flow_component", "data_flow_component", "{2A997C5E-A516-43C5-866B-E047E4CC520C}"
EndProject
Project("{2150E333-8FDC-42A3-9474-1A3956D46DE8}") = "omg_rtc", "omg_rtc", "{D909B4BE-148B-4D3B-BE8E-B6F58DC0E2B7}"
EndProject
Project("{2150E333-8FDC-42A3-9474-1A3956D46DE8}") = "execution_context", "execution_context", "{21572B00-8FAF-4BF3-BD78-31EC2936A380}"
EndProject
Project("{2150E333-8FDC-42A3-9474-1A3956D46DE8}") = "rt_object", "rt_object", "{C2A12AEC-18F5-4226-A6F8-36787616B4F9}"
EndProject
Project("{2150E333-8FDC-42A3-9474-1A3956D46DE8}") = "utils", "utils", "{B4C8DDB3-2597-49DC-A020-7CC3720D9A44}"
EndProject
Project("{2150E333-8FDC-42A3-9474-1A3956D46DE8}") = "breeze_rtm", "breeze_rtm", "{6301A73A-EA3B-40DB-AAF3-F1A151C67C29}"
EndProject
Project("{2150E333-8FDC-42A3-9474-1A3956D46DE8}") = "sandbox", "sandbox", "{9CA13A33-8E77-4360-8AD1-D904D18F2175}"
EndProject
Project("{8BC9CEB8-8B4A-11D0-8D11-00A0C91BC942}") = "component", "omg_rtc\component\component.vcxproj", "{29C35978-1494-4347-9D80-5EAD70F07F04}"
EndProject
Project("{8BC9CEB8-8B4A-11D0-8D11-00A0C91BC942}") = "connector", "omg_rtc\connector\connector.vcxproj", "{178E4390-AE2F-4D49-9F20-5D00AD13FF70}"
EndProject
Project("{8BC9CEB8-8B4A-11D0-8D11-00A0C91BC942}") = "data_flow_component", "omg_rtc\data_flow_component\data_flow_component.vcxproj", "{5FBD8805-A5FA-4607-955C-81E5C247431C}"
EndProject
Project("{8BC9CEB8-8B4A-11D0-8D11-00A0C91BC942}") = "execution_context", "omg_rtc\execution_context\execution_context.vcxproj", "{A019AB05-6ACC-4E04-BAFF-3FE36F6092BD}"
EndProject
Project("{8BC9CEB8-8B4A-11D0-8D11-00A0C91BC942}") = "fsm", "omg_rtc\fsm\fsm.vcxproj", "{16A35D6A-F4BB-4534-93AC-E1C46BA0D46E}"
EndProject
Project("{8BC9CEB8-8B4A-11D0-8D11-00A0C91BC942}") = "logger", "omg_rtc\logger\logger.vcxproj", "{3196DBB0-B83F-42EA-9248-F7E86DEE8AB4}"
EndProject
Project("{8BC9CEB8-8B4A-11D0-8D11-00A0C91BC942}") = "object", "omg_rtc\object\object.vcxproj", "{E3A3F906-ACBC-48D3-9DD3-384141425CF3}"
EndProject
Project("{8BC9CEB8-8B4A-11D0-8D11-00A0C91BC942}") = "port", "omg_rtc\port\port.vcxproj", "{82597877-02D0-4F94-92C8-7E010CA72C31}"
EndProject
Project("{8BC9CEB8-8B4A-11D0-8D11-00A0C91BC942}") = "types", "omg_rtc\types\types.vcxproj", "{68D269DB-BF28-41A8-B501-596C3CF9331A}"
EndProject
Project("{2150E333-8FDC-42A3-9474-1A3956D46DE8}") = "tests", "tests", "{5AC00816-A0A6-4E76-ABCD-8313307ADCEB}"
EndProject
Project("{8BC9CEB8-8B4A-11D0-8D11-00A0C91BC942}") = "data_flow_component", "breeze_rtm\data_flow_component\data_flow_component.vcxproj", "{73B77EF3-9AC3-4F28-90C2-1D58D9864017}"
EndProject
Project("{8BC9CEB8-8B4A-11D0-8D11-00A0C91BC942}") = "rt_object", "breeze_rtm\rt_object\rt_object.vcxproj", "{C710D111-4FCF-4FFB-84D7-9249AEDAC40B}"
EndProject
Project("{8BC9CEB8-8B4A-11D0-8D11-00A0C91BC942}") = "stubs", "tests\stubs\stubs.vcxproj", "{33BD4F2C-2B46-4B3A-9D9E-C8B496725721}"
EndProject
Project("{8BC9CEB8-8B4A-11D0-8D11-00A0C91BC942}") = "utils", "utils\utils\utils.vcxproj", "{5A7F5551-D01A-444C-82AC-439076C99CDF}"
EndProject
Project("{8BC9CEB8-8B4A-11D0-8D11-00A0C91BC942}") = "sandbox", "sandbox\sandbox.vcxproj", "{6B4A8359-1F50-49DC-AB84-936596080230}"
EndProject
Project("{8BC9CEB8-8B4A-11D0-8D11-00A0C91BC942}") = "data_flow_component_tests", "tests\data_flow_component\data_flow_component_tests.vcxproj", "{3BFBE0A9-4E22-4CED-9A86-C741AB7BFC1D}"
EndProject
Project("{8BC9CEB8-8B4A-11D0-8D11-00A0C91BC942}") = "rt_object_tests", "tests\rt_object\rt_object_tests.vcxproj", "{81263141-E883-40F7-8B3E-FB7FDCFD7A3B}"
EndProject
Project("{2150E333-8FDC-42A3-9474-1A3956D46DE8}") = "port", "port", "{A74925EA-D401-4072-8EAA-C2FBFDF4E2DE}"
EndProject
Project("{8BC9CEB8-8B4A-11D0-8D11-00A0C91BC942}") = "execution_context", "breeze_rtm\execution_context\execution_context.vcxproj", "{3264FEE4-6D2D-4CFA-8F70-E5EE51B24922}"
EndProject
Project("{8BC9CEB8-8B4A-11D0-8D11-00A0C91BC942}") = "port", "breeze_rtm\port\port.vcxproj", "{44B300BC-E228-4B0B-8537-09BB1859330E}"
EndProject
Project("{8BC9CEB8-8B4A-11D0-8D11-00A0C91BC942}") = "execution_context_service_tests", "tests\execution_context\execution_context_tests.vcxproj", "{555A2024-962D-4D36-A3C4-BE5882B08B5E}"
EndProject
Project("{8BC9CEB8-8B4A-11D0-8D11-00A0C91BC942}") = "port_tests", "tests\port\port_tests.vcxproj", "{53FAED0C-5B2F-40BD-824D-CF9841208114}"
EndProject
Global
	GlobalSection(SolutionConfigurationPlatforms) = preSolution
		Debug|x64 = Debug|x64
		Debug|x86 = Debug|x86
		Release|x64 = Release|x64
		Release|x86 = Release|x86
	EndGlobalSection
	GlobalSection(ProjectConfigurationPlatforms) = postSolution
		{29C35978-1494-4347-9D80-5EAD70F07F04}.Debug|x64.ActiveCfg = Debug|x64
		{29C35978-1494-4347-9D80-5EAD70F07F04}.Debug|x64.Build.0 = Debug|x64
		{29C35978-1494-4347-9D80-5EAD70F07F04}.Debug|x86.ActiveCfg = Debug|Win32
		{29C35978-1494-4347-9D80-5EAD70F07F04}.Debug|x86.Build.0 = Debug|Win32
		{29C35978-1494-4347-9D80-5EAD70F07F04}.Release|x64.ActiveCfg = Release|x64
		{29C35978-1494-4347-9D80-5EAD70F07F04}.Release|x64.Build.0 = Release|x64
		{29C35978-1494-4347-9D80-5EAD70F07F04}.Release|x86.ActiveCfg = Release|Win32
		{29C35978-1494-4347-9D80-5EAD70F07F04}.Release|x86.Build.0 = Release|Win32
		{178E4390-AE2F-4D49-9F20-5D00AD13FF70}.Debug|x64.ActiveCfg = Debug|x64
		{178E4390-AE2F-4D49-9F20-5D00AD13FF70}.Debug|x64.Build.0 = Debug|x64
		{178E4390-AE2F-4D49-9F20-5D00AD13FF70}.Debug|x86.ActiveCfg = Debug|Win32
		{178E4390-AE2F-4D49-9F20-5D00AD13FF70}.Debug|x86.Build.0 = Debug|Win32
		{178E4390-AE2F-4D49-9F20-5D00AD13FF70}.Release|x64.ActiveCfg = Release|x64
		{178E4390-AE2F-4D49-9F20-5D00AD13FF70}.Release|x64.Build.0 = Release|x64
		{178E4390-AE2F-4D49-9F20-5D00AD13FF70}.Release|x86.ActiveCfg = Release|Win32
		{178E4390-AE2F-4D49-9F20-5D00AD13FF70}.Release|x86.Build.0 = Release|Win32
		{5FBD8805-A5FA-4607-955C-81E5C247431C}.Debug|x64.ActiveCfg = Debug|x64
		{5FBD8805-A5FA-4607-955C-81E5C247431C}.Debug|x64.Build.0 = Debug|x64
		{5FBD8805-A5FA-4607-955C-81E5C247431C}.Debug|x86.ActiveCfg = Debug|Win32
		{5FBD8805-A5FA-4607-955C-81E5C247431C}.Debug|x86.Build.0 = Debug|Win32
		{5FBD8805-A5FA-4607-955C-81E5C247431C}.Release|x64.ActiveCfg = Release|x64
		{5FBD8805-A5FA-4607-955C-81E5C247431C}.Release|x64.Build.0 = Release|x64
		{5FBD8805-A5FA-4607-955C-81E5C247431C}.Release|x86.ActiveCfg = Release|Win32
		{5FBD8805-A5FA-4607-955C-81E5C247431C}.Release|x86.Build.0 = Release|Win32
		{A019AB05-6ACC-4E04-BAFF-3FE36F6092BD}.Debug|x64.ActiveCfg = Debug|x64
		{A019AB05-6ACC-4E04-BAFF-3FE36F6092BD}.Debug|x64.Build.0 = Debug|x64
		{A019AB05-6ACC-4E04-BAFF-3FE36F6092BD}.Debug|x86.ActiveCfg = Debug|Win32
		{A019AB05-6ACC-4E04-BAFF-3FE36F6092BD}.Debug|x86.Build.0 = Debug|Win32
		{A019AB05-6ACC-4E04-BAFF-3FE36F6092BD}.Release|x64.ActiveCfg = Release|x64
		{A019AB05-6ACC-4E04-BAFF-3FE36F6092BD}.Release|x64.Build.0 = Release|x64
		{A019AB05-6ACC-4E04-BAFF-3FE36F6092BD}.Release|x86.ActiveCfg = Release|Win32
		{A019AB05-6ACC-4E04-BAFF-3FE36F6092BD}.Release|x86.Build.0 = Release|Win32
		{16A35D6A-F4BB-4534-93AC-E1C46BA0D46E}.Debug|x64.ActiveCfg = Debug|x64
		{16A35D6A-F4BB-4534-93AC-E1C46BA0D46E}.Debug|x64.Build.0 = Debug|x64
		{16A35D6A-F4BB-4534-93AC-E1C46BA0D46E}.Debug|x86.ActiveCfg = Debug|Win32
		{16A35D6A-F4BB-4534-93AC-E1C46BA0D46E}.Debug|x86.Build.0 = Debug|Win32
		{16A35D6A-F4BB-4534-93AC-E1C46BA0D46E}.Release|x64.ActiveCfg = Release|x64
		{16A35D6A-F4BB-4534-93AC-E1C46BA0D46E}.Release|x64.Build.0 = Release|x64
		{16A35D6A-F4BB-4534-93AC-E1C46BA0D46E}.Release|x86.ActiveCfg = Release|Win32
		{16A35D6A-F4BB-4534-93AC-E1C46BA0D46E}.Release|x86.Build.0 = Release|Win32
		{3196DBB0-B83F-42EA-9248-F7E86DEE8AB4}.Debug|x64.ActiveCfg = Debug|x64
		{3196DBB0-B83F-42EA-9248-F7E86DEE8AB4}.Debug|x64.Build.0 = Debug|x64
		{3196DBB0-B83F-42EA-9248-F7E86DEE8AB4}.Debug|x86.ActiveCfg = Debug|Win32
		{3196DBB0-B83F-42EA-9248-F7E86DEE8AB4}.Debug|x86.Build.0 = Debug|Win32
		{3196DBB0-B83F-42EA-9248-F7E86DEE8AB4}.Release|x64.ActiveCfg = Release|x64
		{3196DBB0-B83F-42EA-9248-F7E86DEE8AB4}.Release|x64.Build.0 = Release|x64
		{3196DBB0-B83F-42EA-9248-F7E86DEE8AB4}.Release|x86.ActiveCfg = Release|Win32
		{3196DBB0-B83F-42EA-9248-F7E86DEE8AB4}.Release|x86.Build.0 = Release|Win32
		{E3A3F906-ACBC-48D3-9DD3-384141425CF3}.Debug|x64.ActiveCfg = Debug|x64
		{E3A3F906-ACBC-48D3-9DD3-384141425CF3}.Debug|x64.Build.0 = Debug|x64
		{E3A3F906-ACBC-48D3-9DD3-384141425CF3}.Debug|x86.ActiveCfg = Debug|Win32
		{E3A3F906-ACBC-48D3-9DD3-384141425CF3}.Debug|x86.Build.0 = Debug|Win32
		{E3A3F906-ACBC-48D3-9DD3-384141425CF3}.Release|x64.ActiveCfg = Release|x64
		{E3A3F906-ACBC-48D3-9DD3-384141425CF3}.Release|x64.Build.0 = Release|x64
		{E3A3F906-ACBC-48D3-9DD3-384141425CF3}.Release|x86.ActiveCfg = Release|Win32
		{E3A3F906-ACBC-48D3-9DD3-384141425CF3}.Release|x86.Build.0 = Release|Win32
		{82597877-02D0-4F94-92C8-7E010CA72C31}.Debug|x64.ActiveCfg = Debug|x64
		{82597877-02D0-4F94-92C8-7E010CA72C31}.Debug|x64.Build.0 = Debug|x64
		{82597877-02D0-4F94-92C8-7E010CA72C31}.Debug|x86.ActiveCfg = Debug|Win32
		{82597877-02D0-4F94-92C8-7E010CA72C31}.Debug|x86.Build.0 = Debug|Win32
		{82597877-02D0-4F94-92C8-7E010CA72C31}.Release|x64.ActiveCfg = Release|x64
		{82597877-02D0-4F94-92C8-7E010CA72C31}.Release|x64.Build.0 = Release|x64
		{82597877-02D0-4F94-92C8-7E010CA72C31}.Release|x86.ActiveCfg = Release|Win32
		{82597877-02D0-4F94-92C8-7E010CA72C31}.Release|x86.Build.0 = Release|Win32
		{68D269DB-BF28-41A8-B501-596C3CF9331A}.Debug|x64.ActiveCfg = Debug|x64
		{68D269DB-BF28-41A8-B501-596C3CF9331A}.Debug|x64.Build.0 = Debug|x64
		{68D269DB-BF28-41A8-B501-596C3CF9331A}.Debug|x86.ActiveCfg = Debug|Win32
		{68D269DB-BF28-41A8-B501-596C3CF9331A}.Debug|x86.Build.0 = Debug|Win32
		{68D269DB-BF28-41A8-B501-596C3CF9331A}.Release|x64.ActiveCfg = Release|x64
		{68D269DB-BF28-41A8-B501-596C3CF9331A}.Release|x64.Build.0 = Release|x64
		{68D269DB-BF28-41A8-B501-596C3CF9331A}.Release|x86.ActiveCfg = Release|Win32
		{68D269DB-BF28-41A8-B501-596C3CF9331A}.Release|x86.Build.0 = Release|Win32
		{73B77EF3-9AC3-4F28-90C2-1D58D9864017}.Debug|x64.ActiveCfg = Debug|x64
		{73B77EF3-9AC3-4F28-90C2-1D58D9864017}.Debug|x64.Build.0 = Debug|x64
		{73B77EF3-9AC3-4F28-90C2-1D58D9864017}.Debug|x86.ActiveCfg = Debug|Win32
		{73B77EF3-9AC3-4F28-90C2-1D58D9864017}.Debug|x86.Build.0 = Debug|Win32
		{73B77EF3-9AC3-4F28-90C2-1D58D9864017}.Release|x64.ActiveCfg = Release|x64
		{73B77EF3-9AC3-4F28-90C2-1D58D9864017}.Release|x64.Build.0 = Release|x64
		{73B77EF3-9AC3-4F28-90C2-1D58D9864017}.Release|x86.ActiveCfg = Release|Win32
		{73B77EF3-9AC3-4F28-90C2-1D58D9864017}.Release|x86.Build.0 = Release|Win32
		{C710D111-4FCF-4FFB-84D7-9249AEDAC40B}.Debug|x64.ActiveCfg = Debug|x64
		{C710D111-4FCF-4FFB-84D7-9249AEDAC40B}.Debug|x64.Build.0 = Debug|x64
		{C710D111-4FCF-4FFB-84D7-9249AEDAC40B}.Debug|x86.ActiveCfg = Debug|Win32
		{C710D111-4FCF-4FFB-84D7-9249AEDAC40B}.Debug|x86.Build.0 = Debug|Win32
		{C710D111-4FCF-4FFB-84D7-9249AEDAC40B}.Release|x64.ActiveCfg = Release|x64
		{C710D111-4FCF-4FFB-84D7-9249AEDAC40B}.Release|x64.Build.0 = Release|x64
		{C710D111-4FCF-4FFB-84D7-9249AEDAC40B}.Release|x86.ActiveCfg = Release|Win32
		{C710D111-4FCF-4FFB-84D7-9249AEDAC40B}.Release|x86.Build.0 = Release|Win32
		{33BD4F2C-2B46-4B3A-9D9E-C8B496725721}.Debug|x64.ActiveCfg = Debug|x64
		{33BD4F2C-2B46-4B3A-9D9E-C8B496725721}.Debug|x64.Build.0 = Debug|x64
		{33BD4F2C-2B46-4B3A-9D9E-C8B496725721}.Debug|x86.ActiveCfg = Debug|Win32
		{33BD4F2C-2B46-4B3A-9D9E-C8B496725721}.Debug|x86.Build.0 = Debug|Win32
		{33BD4F2C-2B46-4B3A-9D9E-C8B496725721}.Release|x64.ActiveCfg = Release|x64
		{33BD4F2C-2B46-4B3A-9D9E-C8B496725721}.Release|x64.Build.0 = Release|x64
		{33BD4F2C-2B46-4B3A-9D9E-C8B496725721}.Release|x86.ActiveCfg = Release|Win32
		{33BD4F2C-2B46-4B3A-9D9E-C8B496725721}.Release|x86.Build.0 = Release|Win32
		{5A7F5551-D01A-444C-82AC-439076C99CDF}.Debug|x64.ActiveCfg = Debug|x64
		{5A7F5551-D01A-444C-82AC-439076C99CDF}.Debug|x64.Build.0 = Debug|x64
		{5A7F5551-D01A-444C-82AC-439076C99CDF}.Debug|x86.ActiveCfg = Debug|Win32
		{5A7F5551-D01A-444C-82AC-439076C99CDF}.Debug|x86.Build.0 = Debug|Win32
		{5A7F5551-D01A-444C-82AC-439076C99CDF}.Release|x64.ActiveCfg = Release|x64
		{5A7F5551-D01A-444C-82AC-439076C99CDF}.Release|x64.Build.0 = Release|x64
		{5A7F5551-D01A-444C-82AC-439076C99CDF}.Release|x86.ActiveCfg = Release|Win32
		{5A7F5551-D01A-444C-82AC-439076C99CDF}.Release|x86.Build.0 = Release|Win32
		{6B4A8359-1F50-49DC-AB84-936596080230}.Debug|x64.ActiveCfg = Debug|x64
		{6B4A8359-1F50-49DC-AB84-936596080230}.Debug|x64.Build.0 = Debug|x64
		{6B4A8359-1F50-49DC-AB84-936596080230}.Debug|x86.ActiveCfg = Debug|Win32
		{6B4A8359-1F50-49DC-AB84-936596080230}.Debug|x86.Build.0 = Debug|Win32
		{6B4A8359-1F50-49DC-AB84-936596080230}.Release|x64.ActiveCfg = Release|x64
		{6B4A8359-1F50-49DC-AB84-936596080230}.Release|x64.Build.0 = Release|x64
		{6B4A8359-1F50-49DC-AB84-936596080230}.Release|x86.ActiveCfg = Release|Win32
		{6B4A8359-1F50-49DC-AB84-936596080230}.Release|x86.Build.0 = Release|Win32
		{3BFBE0A9-4E22-4CED-9A86-C741AB7BFC1D}.Debug|x64.ActiveCfg = Debug|x64
		{3BFBE0A9-4E22-4CED-9A86-C741AB7BFC1D}.Debug|x64.Build.0 = Debug|x64
		{3BFBE0A9-4E22-4CED-9A86-C741AB7BFC1D}.Debug|x86.ActiveCfg = Debug|Win32
		{3BFBE0A9-4E22-4CED-9A86-C741AB7BFC1D}.Debug|x86.Build.0 = Debug|Win32
		{3BFBE0A9-4E22-4CED-9A86-C741AB7BFC1D}.Release|x64.ActiveCfg = Release|x64
		{3BFBE0A9-4E22-4CED-9A86-C741AB7BFC1D}.Release|x64.Build.0 = Release|x64
		{3BFBE0A9-4E22-4CED-9A86-C741AB7BFC1D}.Release|x86.ActiveCfg = Release|Win32
		{3BFBE0A9-4E22-4CED-9A86-C741AB7BFC1D}.Release|x86.Build.0 = Release|Win32
		{81263141-E883-40F7-8B3E-FB7FDCFD7A3B}.Debug|x64.ActiveCfg = Debug|x64
		{81263141-E883-40F7-8B3E-FB7FDCFD7A3B}.Debug|x64.Build.0 = Debug|x64
		{81263141-E883-40F7-8B3E-FB7FDCFD7A3B}.Debug|x86.ActiveCfg = Debug|Win32
		{81263141-E883-40F7-8B3E-FB7FDCFD7A3B}.Debug|x86.Build.0 = Debug|Win32
		{81263141-E883-40F7-8B3E-FB7FDCFD7A3B}.Release|x64.ActiveCfg = Release|x64
		{81263141-E883-40F7-8B3E-FB7FDCFD7A3B}.Release|x64.Build.0 = Release|x64
		{81263141-E883-40F7-8B3E-FB7FDCFD7A3B}.Release|x86.ActiveCfg = Release|Win32
		{81263141-E883-40F7-8B3E-FB7FDCFD7A3B}.Release|x86.Build.0 = Release|Win32
		{3264FEE4-6D2D-4CFA-8F70-E5EE51B24922}.Debug|x64.ActiveCfg = Debug|x64
		{3264FEE4-6D2D-4CFA-8F70-E5EE51B24922}.Debug|x64.Build.0 = Debug|x64
		{3264FEE4-6D2D-4CFA-8F70-E5EE51B24922}.Debug|x86.ActiveCfg = Debug|Win32
		{3264FEE4-6D2D-4CFA-8F70-E5EE51B24922}.Debug|x86.Build.0 = Debug|Win32
		{3264FEE4-6D2D-4CFA-8F70-E5EE51B24922}.Release|x64.ActiveCfg = Release|x64
		{3264FEE4-6D2D-4CFA-8F70-E5EE51B24922}.Release|x64.Build.0 = Release|x64
		{3264FEE4-6D2D-4CFA-8F70-E5EE51B24922}.Release|x86.ActiveCfg = Release|Win32
		{3264FEE4-6D2D-4CFA-8F70-E5EE51B24922}.Release|x86.Build.0 = Release|Win32
		{44B300BC-E228-4B0B-8537-09BB1859330E}.Debug|x64.ActiveCfg = Debug|x64
		{44B300BC-E228-4B0B-8537-09BB1859330E}.Debug|x64.Build.0 = Debug|x64
		{44B300BC-E228-4B0B-8537-09BB1859330E}.Debug|x86.ActiveCfg = Debug|Win32
		{44B300BC-E228-4B0B-8537-09BB1859330E}.Debug|x86.Build.0 = Debug|Win32
		{44B300BC-E228-4B0B-8537-09BB1859330E}.Release|x64.ActiveCfg = Release|x64
		{44B300BC-E228-4B0B-8537-09BB1859330E}.Release|x64.Build.0 = Release|x64
		{44B300BC-E228-4B0B-8537-09BB1859330E}.Release|x86.ActiveCfg = Release|Win32
		{44B300BC-E228-4B0B-8537-09BB1859330E}.Release|x86.Build.0 = Release|Win32
		{555A2024-962D-4D36-A3C4-BE5882B08B5E}.Debug|x64.ActiveCfg = Debug|x64
		{555A2024-962D-4D36-A3C4-BE5882B08B5E}.Debug|x64.Build.0 = Debug|x64
		{555A2024-962D-4D36-A3C4-BE5882B08B5E}.Debug|x86.ActiveCfg = Debug|Win32
		{555A2024-962D-4D36-A3C4-BE5882B08B5E}.Debug|x86.Build.0 = Debug|Win32
		{555A2024-962D-4D36-A3C4-BE5882B08B5E}.Release|x64.ActiveCfg = Release|x64
		{555A2024-962D-4D36-A3C4-BE5882B08B5E}.Release|x64.Build.0 = Release|x64
		{555A2024-962D-4D36-A3C4-BE5882B08B5E}.Release|x86.ActiveCfg = Release|Win32
		{555A2024-962D-4D36-A3C4-BE5882B08B5E}.Release|x86.Build.0 = Release|Win32
		{53FAED0C-5B2F-40BD-824D-CF9841208114}.Debug|x64.ActiveCfg = Debug|x64
		{53FAED0C-5B2F-40BD-824D-CF9841208114}.Debug|x64.Build.0 = Debug|x64
		{53FAED0C-5B2F-40BD-824D-CF9841208114}.Debug|x86.ActiveCfg = Debug|Win32
		{53FAED0C-5B2F-40BD-824D-CF9841208114}.Debug|x86.Build.0 = Debug|Win32
		{53FAED0C-5B2F-40BD-824D-CF9841208114}.Release|x64.ActiveCfg = Release|x64
		{53FAED0C-5B2F-40BD-824D-CF9841208114}.Release|x64.Build.0 = Release|x64
		{53FAED0C-5B2F-40BD-824D-CF9841208114}.Release|x86.ActiveCfg = Release|Win32
		{53FAED0C-5B2F-40BD-824D-CF9841208114}.Release|x86.Build.0 = Release|Win32
	EndGlobalSection
	GlobalSection(SolutionProperties) = preSolution
		HideSolutionNode = FALSE
	EndGlobalSection
	GlobalSection(NestedProjects) = preSolution
		{2A997C5E-A516-43C5-866B-E047E4CC520C} = {6301A73A-EA3B-40DB-AAF3-F1A151C67C29}
		{21572B00-8FAF-4BF3-BD78-31EC2936A380} = {6301A73A-EA3B-40DB-AAF3-F1A151C67C29}
		{C2A12AEC-18F5-4226-A6F8-36787616B4F9} = {6301A73A-EA3B-40DB-AAF3-F1A151C67C29}
		{29C35978-1494-4347-9D80-5EAD70F07F04} = {D909B4BE-148B-4D3B-BE8E-B6F58DC0E2B7}
		{178E4390-AE2F-4D49-9F20-5D00AD13FF70} = {D909B4BE-148B-4D3B-BE8E-B6F58DC0E2B7}
		{5FBD8805-A5FA-4607-955C-81E5C247431C} = {D909B4BE-148B-4D3B-BE8E-B6F58DC0E2B7}
		{A019AB05-6ACC-4E04-BAFF-3FE36F6092BD} = {D909B4BE-148B-4D3B-BE8E-B6F58DC0E2B7}
		{16A35D6A-F4BB-4534-93AC-E1C46BA0D46E} = {D909B4BE-148B-4D3B-BE8E-B6F58DC0E2B7}
		{3196DBB0-B83F-42EA-9248-F7E86DEE8AB4} = {D909B4BE-148B-4D3B-BE8E-B6F58DC0E2B7}
		{E3A3F906-ACBC-48D3-9DD3-384141425CF3} = {D909B4BE-148B-4D3B-BE8E-B6F58DC0E2B7}
		{82597877-02D0-4F94-92C8-7E010CA72C31} = {D909B4BE-148B-4D3B-BE8E-B6F58DC0E2B7}
		{68D269DB-BF28-41A8-B501-596C3CF9331A} = {D909B4BE-148B-4D3B-BE8E-B6F58DC0E2B7}
		{73B77EF3-9AC3-4F28-90C2-1D58D9864017} = {2A997C5E-A516-43C5-866B-E047E4CC520C}
		{C710D111-4FCF-4FFB-84D7-9249AEDAC40B} = {C2A12AEC-18F5-4226-A6F8-36787616B4F9}
		{33BD4F2C-2B46-4B3A-9D9E-C8B496725721} = {5AC00816-A0A6-4E76-ABCD-8313307ADCEB}
		{5A7F5551-D01A-444C-82AC-439076C99CDF} = {B4C8DDB3-2597-49DC-A020-7CC3720D9A44}
		{6B4A8359-1F50-49DC-AB84-936596080230} = {9CA13A33-8E77-4360-8AD1-D904D18F2175}
		{3BFBE0A9-4E22-4CED-9A86-C741AB7BFC1D} = {5AC00816-A0A6-4E76-ABCD-8313307ADCEB}
		{81263141-E883-40F7-8B3E-FB7FDCFD7A3B} = {5AC00816-A0A6-4E76-ABCD-8313307ADCEB}
		{A74925EA-D401-4072-8EAA-C2FBFDF4E2DE} = {6301A73A-EA3B-40DB-AAF3-F1A151C67C29}
		{3264FEE4-6D2D-4CFA-8F70-E5EE51B24922} = {21572B00-8FAF-4BF3-BD78-31EC2936A380}
		{44B300BC-E228-4B0B-8537-09BB1859330E} = {A74925EA-D401-4072-8EAA-C2FBFDF4E2DE}
		{555A2024-962D-4D36-A3C4-BE5882B08B5E} = {5AC00816-A0A6-4E76-ABCD-8313307ADCEB}
		{53FAED0C-5B2F-40BD-824D-CF9841208114} = {5AC00816-A0A6-4E76-ABCD-8313307ADCEB}
	EndGlobalSection
EndGlobal
