<?xml version="1.0" encoding="utf-8"?>
<Project ToolsVersion="4.0" xmlns="http://schemas.microsoft.com/developer/msbuild/2003">
  <ItemGroup>
    <Filter Include="Header Files">
      <UniqueIdentifier>{93995380-89BD-4b04-88EB-625FBE52EBFB}</UniqueIdentifier>
      <Extensions>h;hh;hpp;hxx;hm;inl;inc;xsd</Extensions>
    </Filter>
    <Filter Include="Source Files">
      <UniqueIdentifier>{7ae6834a-fe13-42bd-8d18-b8b6a16e955a}</UniqueIdentifier>
    </Filter>
  </ItemGroup>
  <ItemGroup>
    <ClInclude Include="tests\data_flow_component_stub.h">
      <Filter>Header Files</Filter>
    </ClInclude>
    <ClInclude Include="tests\data_flow_logging_component_stub.h">
      <Filter>Header Files</Filter>
    </ClInclude>
    <ClInclude Include="tests\execution_context_stub.h">
      <Filter>Header Files</Filter>
    </ClInclude>
    <ClInclude Include="tests\logger_stub.h">
      <Filter>Header Files</Filter>
    </ClInclude>
    <ClInclude Include="tests\port_stub.h">
      <Filter>Header Files</Filter>
    </ClInclude>
    <ClInclude Include="tests\rt_logging_object_stub.h">
      <Filter>Header Files</Filter>
    </ClInclude>
    <ClInclude Include="tests\rt_object_stub.h">
      <Filter>Header Files</Filter>
    </ClInclude>
  </ItemGroup>
  <ItemGroup>
    <ClCompile Include="tests\data_flow_component_stub.cc">
      <Filter>Source Files</Filter>
    </ClCompile>
    <ClCompile Include="tests\data_flow_logging_component_stub.cc">
      <Filter>Source Files</Filter>
    </ClCompile>
    <ClCompile Include="tests\execution_context_stub.cc">
      <Filter>Source Files</Filter>
    </ClCompile>
    <ClCompile Include="tests\logger_stub.cc">
      <Filter>Source Files</Filter>
    </ClCompile>
    <ClCompile Include="tests\port_stub.cc">
      <Filter>Source Files</Filter>
    </ClCompile>
    <ClCompile Include="tests\rt_logging_object_stub.cc">
      <Filter>Source Files</Filter>
    </ClCompile>
    <ClCompile Include="tests\rt_object_stub.cc">
      <Filter>Source Files</Filter>
    </ClCompile>
  </ItemGroup>
</Project>